
Microsoft Visual Studio Solution File, Format Version 12.00
# Visual Studio 2013
VisualStudioVersion = 12.0.31101.0
MinimumVisualStudioVersion = 10.0.40219.1
Project("{FAE04EC0-301F-11D3-BF4B-00C04F79EFBC}") = "MaritimApp", "MaritimApp\MaritimApp\MaritimApp.csproj", "{9803BD87-1725-47CF-8C54-51F2930CABEC}"
EndProject
Project("{FAE04EC0-301F-11D3-BF4B-00C04F79EFBC}") = "MaritimApp.Droid", "MaritimApp\MaritimApp.Droid\MaritimApp.Droid.csproj", "{0124EB3C-3C0F-4997-9BBC-4F74C810CA8E}"
EndProject
Project("{FAE04EC0-301F-11D3-BF4B-00C04F79EFBC}") = "MaritimApp.WinPhone", "MaritimApp\MaritimApp.WinPhone\MaritimApp.WinPhone.csproj", "{15B75988-2DBA-44F8-84F7-3B994ED6546B}"
EndProject
Project("{FAE04EC0-301F-11D3-BF4B-00C04F79EFBC}") = "WorldWeatherOnlineAPI", "WorldWeatherOnlineAPI\WorldWeatherOnlineAPI.csproj", "{67F9D3A8-F71E-4428-913F-C37AE82CDB24}"
EndProject
Project("{FAE04EC0-301F-11D3-BF4B-00C04F79EFBC}") = "BackgroundServiceWP", "BackgroundServiceWP\BackgroundServiceWP.csproj", "{7834A699-26E5-411C-9700-0C6232734F33}"
EndProject
Project("{2150E333-8FDC-42A3-9474-1A3956D46DE8}") = "Platforms", "Platforms", "{951D1D31-6B9F-48B3-B463-6381F2E60F71}"
EndProject
Project("{2150E333-8FDC-42A3-9474-1A3956D46DE8}") = "Libs", "Libs", "{52BD0AFE-5860-4FED-95AC-D4241E99335A}"
EndProject
Global
	GlobalSection(SolutionConfigurationPlatforms) = preSolution
		Ad-Hoc|Any CPU = Ad-Hoc|Any CPU
		Ad-Hoc|ARM = Ad-Hoc|ARM
		Ad-Hoc|iPhone = Ad-Hoc|iPhone
		Ad-Hoc|iPhoneSimulator = Ad-Hoc|iPhoneSimulator
		Ad-Hoc|Mixed Platforms = Ad-Hoc|Mixed Platforms
		Ad-Hoc|x86 = Ad-Hoc|x86
		AppStore|Any CPU = AppStore|Any CPU
		AppStore|ARM = AppStore|ARM
		AppStore|iPhone = AppStore|iPhone
		AppStore|iPhoneSimulator = AppStore|iPhoneSimulator
		AppStore|Mixed Platforms = AppStore|Mixed Platforms
		AppStore|x86 = AppStore|x86
		Debug|Any CPU = Debug|Any CPU
		Debug|ARM = Debug|ARM
		Debug|iPhone = Debug|iPhone
		Debug|iPhoneSimulator = Debug|iPhoneSimulator
		Debug|Mixed Platforms = Debug|Mixed Platforms
		Debug|x86 = Debug|x86
		Release|Any CPU = Release|Any CPU
		Release|ARM = Release|ARM
		Release|iPhone = Release|iPhone
		Release|iPhoneSimulator = Release|iPhoneSimulator
		Release|Mixed Platforms = Release|Mixed Platforms
		Release|x86 = Release|x86
	EndGlobalSection
	GlobalSection(ProjectConfigurationPlatforms) = postSolution
		{9803BD87-1725-47CF-8C54-51F2930CABEC}.Ad-Hoc|Any CPU.ActiveCfg = Release|Any CPU
		{9803BD87-1725-47CF-8C54-51F2930CABEC}.Ad-Hoc|Any CPU.Build.0 = Release|Any CPU
		{9803BD87-1725-47CF-8C54-51F2930CABEC}.Ad-Hoc|ARM.ActiveCfg = Release|Any CPU
		{9803BD87-1725-47CF-8C54-51F2930CABEC}.Ad-Hoc|iPhone.ActiveCfg = Release|Any CPU
		{9803BD87-1725-47CF-8C54-51F2930CABEC}.Ad-Hoc|iPhoneSimulator.ActiveCfg = Release|Any CPU
		{9803BD87-1725-47CF-8C54-51F2930CABEC}.Ad-Hoc|Mixed Platforms.ActiveCfg = Release|Any CPU
		{9803BD87-1725-47CF-8C54-51F2930CABEC}.Ad-Hoc|Mixed Platforms.Build.0 = Release|Any CPU
		{9803BD87-1725-47CF-8C54-51F2930CABEC}.Ad-Hoc|x86.ActiveCfg = Release|Any CPU
		{9803BD87-1725-47CF-8C54-51F2930CABEC}.AppStore|Any CPU.ActiveCfg = Release|Any CPU
		{9803BD87-1725-47CF-8C54-51F2930CABEC}.AppStore|Any CPU.Build.0 = Release|Any CPU
		{9803BD87-1725-47CF-8C54-51F2930CABEC}.AppStore|ARM.ActiveCfg = Release|Any CPU
		{9803BD87-1725-47CF-8C54-51F2930CABEC}.AppStore|iPhone.ActiveCfg = Release|Any CPU
		{9803BD87-1725-47CF-8C54-51F2930CABEC}.AppStore|iPhoneSimulator.ActiveCfg = Release|Any CPU
		{9803BD87-1725-47CF-8C54-51F2930CABEC}.AppStore|Mixed Platforms.ActiveCfg = Release|Any CPU
		{9803BD87-1725-47CF-8C54-51F2930CABEC}.AppStore|Mixed Platforms.Build.0 = Release|Any CPU
		{9803BD87-1725-47CF-8C54-51F2930CABEC}.AppStore|x86.ActiveCfg = Release|Any CPU
		{9803BD87-1725-47CF-8C54-51F2930CABEC}.Debug|Any CPU.ActiveCfg = Debug|Any CPU
		{9803BD87-1725-47CF-8C54-51F2930CABEC}.Debug|Any CPU.Build.0 = Debug|Any CPU
		{9803BD87-1725-47CF-8C54-51F2930CABEC}.Debug|ARM.ActiveCfg = Debug|Any CPU
		{9803BD87-1725-47CF-8C54-51F2930CABEC}.Debug|iPhone.ActiveCfg = Debug|Any CPU
		{9803BD87-1725-47CF-8C54-51F2930CABEC}.Debug|iPhoneSimulator.ActiveCfg = Debug|Any CPU
		{9803BD87-1725-47CF-8C54-51F2930CABEC}.Debug|Mixed Platforms.ActiveCfg = Debug|Any CPU
		{9803BD87-1725-47CF-8C54-51F2930CABEC}.Debug|Mixed Platforms.Build.0 = Debug|Any CPU
		{9803BD87-1725-47CF-8C54-51F2930CABEC}.Debug|x86.ActiveCfg = Debug|Any CPU
		{9803BD87-1725-47CF-8C54-51F2930CABEC}.Release|Any CPU.ActiveCfg = Release|Any CPU
		{9803BD87-1725-47CF-8C54-51F2930CABEC}.Release|Any CPU.Build.0 = Release|Any CPU
		{9803BD87-1725-47CF-8C54-51F2930CABEC}.Release|ARM.ActiveCfg = Release|Any CPU
		{9803BD87-1725-47CF-8C54-51F2930CABEC}.Release|iPhone.ActiveCfg = Release|Any CPU
		{9803BD87-1725-47CF-8C54-51F2930CABEC}.Release|iPhoneSimulator.ActiveCfg = Release|Any CPU
		{9803BD87-1725-47CF-8C54-51F2930CABEC}.Release|Mixed Platforms.ActiveCfg = Release|Any CPU
		{9803BD87-1725-47CF-8C54-51F2930CABEC}.Release|Mixed Platforms.Build.0 = Release|Any CPU
		{9803BD87-1725-47CF-8C54-51F2930CABEC}.Release|x86.ActiveCfg = Release|Any CPU
		{0124EB3C-3C0F-4997-9BBC-4F74C810CA8E}.Ad-Hoc|Any CPU.ActiveCfg = Release|Any CPU
		{0124EB3C-3C0F-4997-9BBC-4F74C810CA8E}.Ad-Hoc|Any CPU.Build.0 = Release|Any CPU
		{0124EB3C-3C0F-4997-9BBC-4F74C810CA8E}.Ad-Hoc|Any CPU.Deploy.0 = Release|Any CPU
		{0124EB3C-3C0F-4997-9BBC-4F74C810CA8E}.Ad-Hoc|ARM.ActiveCfg = Release|Any CPU
		{0124EB3C-3C0F-4997-9BBC-4F74C810CA8E}.Ad-Hoc|iPhone.ActiveCfg = Release|Any CPU
		{0124EB3C-3C0F-4997-9BBC-4F74C810CA8E}.Ad-Hoc|iPhoneSimulator.ActiveCfg = Release|Any CPU
		{0124EB3C-3C0F-4997-9BBC-4F74C810CA8E}.Ad-Hoc|Mixed Platforms.ActiveCfg = Release|Any CPU
		{0124EB3C-3C0F-4997-9BBC-4F74C810CA8E}.Ad-Hoc|Mixed Platforms.Build.0 = Release|Any CPU
		{0124EB3C-3C0F-4997-9BBC-4F74C810CA8E}.Ad-Hoc|Mixed Platforms.Deploy.0 = Release|Any CPU
		{0124EB3C-3C0F-4997-9BBC-4F74C810CA8E}.Ad-Hoc|x86.ActiveCfg = Release|Any CPU
		{0124EB3C-3C0F-4997-9BBC-4F74C810CA8E}.AppStore|Any CPU.ActiveCfg = Release|Any CPU
		{0124EB3C-3C0F-4997-9BBC-4F74C810CA8E}.AppStore|Any CPU.Build.0 = Release|Any CPU
		{0124EB3C-3C0F-4997-9BBC-4F74C810CA8E}.AppStore|Any CPU.Deploy.0 = Release|Any CPU
		{0124EB3C-3C0F-4997-9BBC-4F74C810CA8E}.AppStore|ARM.ActiveCfg = Release|Any CPU
		{0124EB3C-3C0F-4997-9BBC-4F74C810CA8E}.AppStore|iPhone.ActiveCfg = Release|Any CPU
		{0124EB3C-3C0F-4997-9BBC-4F74C810CA8E}.AppStore|iPhoneSimulator.ActiveCfg = Release|Any CPU
		{0124EB3C-3C0F-4997-9BBC-4F74C810CA8E}.AppStore|Mixed Platforms.ActiveCfg = Release|Any CPU
		{0124EB3C-3C0F-4997-9BBC-4F74C810CA8E}.AppStore|Mixed Platforms.Build.0 = Release|Any CPU
		{0124EB3C-3C0F-4997-9BBC-4F74C810CA8E}.AppStore|Mixed Platforms.Deploy.0 = Release|Any CPU
		{0124EB3C-3C0F-4997-9BBC-4F74C810CA8E}.AppStore|x86.ActiveCfg = Release|Any CPU
		{0124EB3C-3C0F-4997-9BBC-4F74C810CA8E}.Debug|Any CPU.ActiveCfg = Debug|Any CPU
		{0124EB3C-3C0F-4997-9BBC-4F74C810CA8E}.Debug|Any CPU.Build.0 = Debug|Any CPU
		{0124EB3C-3C0F-4997-9BBC-4F74C810CA8E}.Debug|Any CPU.Deploy.0 = Debug|Any CPU
		{0124EB3C-3C0F-4997-9BBC-4F74C810CA8E}.Debug|ARM.ActiveCfg = Debug|Any CPU
		{0124EB3C-3C0F-4997-9BBC-4F74C810CA8E}.Debug|iPhone.ActiveCfg = Debug|Any CPU
		{0124EB3C-3C0F-4997-9BBC-4F74C810CA8E}.Debug|iPhoneSimulator.ActiveCfg = Debug|Any CPU
		{0124EB3C-3C0F-4997-9BBC-4F74C810CA8E}.Debug|Mixed Platforms.ActiveCfg = Debug|Any CPU
		{0124EB3C-3C0F-4997-9BBC-4F74C810CA8E}.Debug|Mixed Platforms.Build.0 = Debug|Any CPU
		{0124EB3C-3C0F-4997-9BBC-4F74C810CA8E}.Debug|Mixed Platforms.Deploy.0 = Debug|Any CPU
		{0124EB3C-3C0F-4997-9BBC-4F74C810CA8E}.Debug|x86.ActiveCfg = Debug|Any CPU
		{0124EB3C-3C0F-4997-9BBC-4F74C810CA8E}.Release|Any CPU.ActiveCfg = Release|Any CPU
		{0124EB3C-3C0F-4997-9BBC-4F74C810CA8E}.Release|Any CPU.Build.0 = Release|Any CPU
		{0124EB3C-3C0F-4997-9BBC-4F74C810CA8E}.Release|Any CPU.Deploy.0 = Release|Any CPU
		{0124EB3C-3C0F-4997-9BBC-4F74C810CA8E}.Release|ARM.ActiveCfg = Release|Any CPU
		{0124EB3C-3C0F-4997-9BBC-4F74C810CA8E}.Release|iPhone.ActiveCfg = Release|Any CPU
		{0124EB3C-3C0F-4997-9BBC-4F74C810CA8E}.Release|iPhoneSimulator.ActiveCfg = Release|Any CPU
		{0124EB3C-3C0F-4997-9BBC-4F74C810CA8E}.Release|Mixed Platforms.ActiveCfg = Release|Any CPU
		{0124EB3C-3C0F-4997-9BBC-4F74C810CA8E}.Release|Mixed Platforms.Build.0 = Release|Any CPU
		{0124EB3C-3C0F-4997-9BBC-4F74C810CA8E}.Release|Mixed Platforms.Deploy.0 = Release|Any CPU
		{0124EB3C-3C0F-4997-9BBC-4F74C810CA8E}.Release|x86.ActiveCfg = Release|Any CPU
		{15B75988-2DBA-44F8-84F7-3B994ED6546B}.Ad-Hoc|Any CPU.ActiveCfg = Release|Any CPU
		{15B75988-2DBA-44F8-84F7-3B994ED6546B}.Ad-Hoc|Any CPU.Build.0 = Release|Any CPU
		{15B75988-2DBA-44F8-84F7-3B994ED6546B}.Ad-Hoc|Any CPU.Deploy.0 = Release|Any CPU
		{15B75988-2DBA-44F8-84F7-3B994ED6546B}.Ad-Hoc|ARM.ActiveCfg = Release|ARM
		{15B75988-2DBA-44F8-84F7-3B994ED6546B}.Ad-Hoc|ARM.Build.0 = Release|ARM
		{15B75988-2DBA-44F8-84F7-3B994ED6546B}.Ad-Hoc|ARM.Deploy.0 = Release|ARM
		{15B75988-2DBA-44F8-84F7-3B994ED6546B}.Ad-Hoc|iPhone.ActiveCfg = Release|Any CPU
		{15B75988-2DBA-44F8-84F7-3B994ED6546B}.Ad-Hoc|iPhoneSimulator.ActiveCfg = Release|Any CPU
		{15B75988-2DBA-44F8-84F7-3B994ED6546B}.Ad-Hoc|Mixed Platforms.ActiveCfg = Release|x86
		{15B75988-2DBA-44F8-84F7-3B994ED6546B}.Ad-Hoc|Mixed Platforms.Build.0 = Release|x86
		{15B75988-2DBA-44F8-84F7-3B994ED6546B}.Ad-Hoc|Mixed Platforms.Deploy.0 = Release|x86
		{15B75988-2DBA-44F8-84F7-3B994ED6546B}.Ad-Hoc|x86.ActiveCfg = Release|x86
		{15B75988-2DBA-44F8-84F7-3B994ED6546B}.Ad-Hoc|x86.Build.0 = Release|x86
		{15B75988-2DBA-44F8-84F7-3B994ED6546B}.Ad-Hoc|x86.Deploy.0 = Release|x86
		{15B75988-2DBA-44F8-84F7-3B994ED6546B}.AppStore|Any CPU.ActiveCfg = Release|Any CPU
		{15B75988-2DBA-44F8-84F7-3B994ED6546B}.AppStore|Any CPU.Build.0 = Release|Any CPU
		{15B75988-2DBA-44F8-84F7-3B994ED6546B}.AppStore|Any CPU.Deploy.0 = Release|Any CPU
		{15B75988-2DBA-44F8-84F7-3B994ED6546B}.AppStore|ARM.ActiveCfg = Release|ARM
		{15B75988-2DBA-44F8-84F7-3B994ED6546B}.AppStore|ARM.Build.0 = Release|ARM
		{15B75988-2DBA-44F8-84F7-3B994ED6546B}.AppStore|ARM.Deploy.0 = Release|ARM
		{15B75988-2DBA-44F8-84F7-3B994ED6546B}.AppStore|iPhone.ActiveCfg = Release|Any CPU
		{15B75988-2DBA-44F8-84F7-3B994ED6546B}.AppStore|iPhoneSimulator.ActiveCfg = Release|Any CPU
		{15B75988-2DBA-44F8-84F7-3B994ED6546B}.AppStore|Mixed Platforms.ActiveCfg = Release|x86
		{15B75988-2DBA-44F8-84F7-3B994ED6546B}.AppStore|Mixed Platforms.Build.0 = Release|x86
		{15B75988-2DBA-44F8-84F7-3B994ED6546B}.AppStore|Mixed Platforms.Deploy.0 = Release|x86
		{15B75988-2DBA-44F8-84F7-3B994ED6546B}.AppStore|x86.ActiveCfg = Release|x86
		{15B75988-2DBA-44F8-84F7-3B994ED6546B}.AppStore|x86.Build.0 = Release|x86
		{15B75988-2DBA-44F8-84F7-3B994ED6546B}.AppStore|x86.Deploy.0 = Release|x86
		{15B75988-2DBA-44F8-84F7-3B994ED6546B}.Debug|Any CPU.ActiveCfg = Debug|Any CPU
		{15B75988-2DBA-44F8-84F7-3B994ED6546B}.Debug|Any CPU.Build.0 = Debug|Any CPU
		{15B75988-2DBA-44F8-84F7-3B994ED6546B}.Debug|Any CPU.Deploy.0 = Debug|Any CPU
		{15B75988-2DBA-44F8-84F7-3B994ED6546B}.Debug|ARM.ActiveCfg = Debug|ARM
		{15B75988-2DBA-44F8-84F7-3B994ED6546B}.Debug|ARM.Build.0 = Debug|ARM
		{15B75988-2DBA-44F8-84F7-3B994ED6546B}.Debug|ARM.Deploy.0 = Debug|ARM
		{15B75988-2DBA-44F8-84F7-3B994ED6546B}.Debug|iPhone.ActiveCfg = Debug|Any CPU
		{15B75988-2DBA-44F8-84F7-3B994ED6546B}.Debug|iPhoneSimulator.ActiveCfg = Debug|Any CPU
		{15B75988-2DBA-44F8-84F7-3B994ED6546B}.Debug|Mixed Platforms.ActiveCfg = Debug|x86
		{15B75988-2DBA-44F8-84F7-3B994ED6546B}.Debug|Mixed Platforms.Build.0 = Debug|x86
		{15B75988-2DBA-44F8-84F7-3B994ED6546B}.Debug|Mixed Platforms.Deploy.0 = Debug|x86
		{15B75988-2DBA-44F8-84F7-3B994ED6546B}.Debug|x86.ActiveCfg = Debug|x86
		{15B75988-2DBA-44F8-84F7-3B994ED6546B}.Debug|x86.Build.0 = Debug|x86
		{15B75988-2DBA-44F8-84F7-3B994ED6546B}.Debug|x86.Deploy.0 = Debug|x86
		{15B75988-2DBA-44F8-84F7-3B994ED6546B}.Release|Any CPU.ActiveCfg = Release|Any CPU
		{15B75988-2DBA-44F8-84F7-3B994ED6546B}.Release|Any CPU.Build.0 = Release|Any CPU
		{15B75988-2DBA-44F8-84F7-3B994ED6546B}.Release|Any CPU.Deploy.0 = Release|Any CPU
		{15B75988-2DBA-44F8-84F7-3B994ED6546B}.Release|ARM.ActiveCfg = Release|ARM
		{15B75988-2DBA-44F8-84F7-3B994ED6546B}.Release|ARM.Build.0 = Release|ARM
		{15B75988-2DBA-44F8-84F7-3B994ED6546B}.Release|ARM.Deploy.0 = Release|ARM
		{15B75988-2DBA-44F8-84F7-3B994ED6546B}.Release|iPhone.ActiveCfg = Release|Any CPU
		{15B75988-2DBA-44F8-84F7-3B994ED6546B}.Release|iPhoneSimulator.ActiveCfg = Release|Any CPU
		{15B75988-2DBA-44F8-84F7-3B994ED6546B}.Release|Mixed Platforms.ActiveCfg = Release|x86
		{15B75988-2DBA-44F8-84F7-3B994ED6546B}.Release|Mixed Platforms.Build.0 = Release|x86
		{15B75988-2DBA-44F8-84F7-3B994ED6546B}.Release|Mixed Platforms.Deploy.0 = Release|x86
		{15B75988-2DBA-44F8-84F7-3B994ED6546B}.Release|x86.ActiveCfg = Release|x86
		{15B75988-2DBA-44F8-84F7-3B994ED6546B}.Release|x86.Build.0 = Release|x86
		{15B75988-2DBA-44F8-84F7-3B994ED6546B}.Release|x86.Deploy.0 = Release|x86
		{67F9D3A8-F71E-4428-913F-C37AE82CDB24}.Ad-Hoc|Any CPU.ActiveCfg = Release|Any CPU
		{67F9D3A8-F71E-4428-913F-C37AE82CDB24}.Ad-Hoc|Any CPU.Build.0 = Release|Any CPU
		{67F9D3A8-F71E-4428-913F-C37AE82CDB24}.Ad-Hoc|ARM.ActiveCfg = Release|Any CPU
		{67F9D3A8-F71E-4428-913F-C37AE82CDB24}.Ad-Hoc|iPhone.ActiveCfg = Release|Any CPU
		{67F9D3A8-F71E-4428-913F-C37AE82CDB24}.Ad-Hoc|iPhoneSimulator.ActiveCfg = Release|Any CPU
		{67F9D3A8-F71E-4428-913F-C37AE82CDB24}.Ad-Hoc|Mixed Platforms.ActiveCfg = Release|Any CPU
		{67F9D3A8-F71E-4428-913F-C37AE82CDB24}.Ad-Hoc|Mixed Platforms.Build.0 = Release|Any CPU
		{67F9D3A8-F71E-4428-913F-C37AE82CDB24}.Ad-Hoc|x86.ActiveCfg = Release|Any CPU
		{67F9D3A8-F71E-4428-913F-C37AE82CDB24}.AppStore|Any CPU.ActiveCfg = Release|Any CPU
		{67F9D3A8-F71E-4428-913F-C37AE82CDB24}.AppStore|Any CPU.Build.0 = Release|Any CPU
		{67F9D3A8-F71E-4428-913F-C37AE82CDB24}.AppStore|ARM.ActiveCfg = Release|Any CPU
		{67F9D3A8-F71E-4428-913F-C37AE82CDB24}.AppStore|iPhone.ActiveCfg = Release|Any CPU
		{67F9D3A8-F71E-4428-913F-C37AE82CDB24}.AppStore|iPhoneSimulator.ActiveCfg = Release|Any CPU
		{67F9D3A8-F71E-4428-913F-C37AE82CDB24}.AppStore|Mixed Platforms.ActiveCfg = Release|Any CPU
		{67F9D3A8-F71E-4428-913F-C37AE82CDB24}.AppStore|Mixed Platforms.Build.0 = Release|Any CPU
		{67F9D3A8-F71E-4428-913F-C37AE82CDB24}.AppStore|x86.ActiveCfg = Release|Any CPU
		{67F9D3A8-F71E-4428-913F-C37AE82CDB24}.Debug|Any CPU.ActiveCfg = Debug|Any CPU
		{67F9D3A8-F71E-4428-913F-C37AE82CDB24}.Debug|Any CPU.Build.0 = Debug|Any CPU
		{67F9D3A8-F71E-4428-913F-C37AE82CDB24}.Debug|ARM.ActiveCfg = Debug|Any CPU
		{67F9D3A8-F71E-4428-913F-C37AE82CDB24}.Debug|iPhone.ActiveCfg = Debug|Any CPU
		{67F9D3A8-F71E-4428-913F-C37AE82CDB24}.Debug|iPhoneSimulator.ActiveCfg = Debug|Any CPU
		{67F9D3A8-F71E-4428-913F-C37AE82CDB24}.Debug|Mixed Platforms.ActiveCfg = Debug|Any CPU
		{67F9D3A8-F71E-4428-913F-C37AE82CDB24}.Debug|Mixed Platforms.Build.0 = Debug|Any CPU
		{67F9D3A8-F71E-4428-913F-C37AE82CDB24}.Debug|x86.ActiveCfg = Debug|Any CPU
		{67F9D3A8-F71E-4428-913F-C37AE82CDB24}.Release|Any CPU.ActiveCfg = Release|Any CPU
		{67F9D3A8-F71E-4428-913F-C37AE82CDB24}.Release|Any CPU.Build.0 = Release|Any CPU
		{67F9D3A8-F71E-4428-913F-C37AE82CDB24}.Release|ARM.ActiveCfg = Release|Any CPU
		{67F9D3A8-F71E-4428-913F-C37AE82CDB24}.Release|iPhone.ActiveCfg = Release|Any CPU
		{67F9D3A8-F71E-4428-913F-C37AE82CDB24}.Release|iPhoneSimulator.ActiveCfg = Release|Any CPU
		{67F9D3A8-F71E-4428-913F-C37AE82CDB24}.Release|Mixed Platforms.ActiveCfg = Release|Any CPU
		{67F9D3A8-F71E-4428-913F-C37AE82CDB24}.Release|Mixed Platforms.Build.0 = Release|Any CPU
		{67F9D3A8-F71E-4428-913F-C37AE82CDB24}.Release|x86.ActiveCfg = Release|Any CPU
		{7834A699-26E5-411C-9700-0C6232734F33}.Ad-Hoc|Any CPU.ActiveCfg = Release|Any CPU
		{7834A699-26E5-411C-9700-0C6232734F33}.Ad-Hoc|Any CPU.Build.0 = Release|Any CPU
		{7834A699-26E5-411C-9700-0C6232734F33}.Ad-Hoc|ARM.ActiveCfg = Release|ARM
		{7834A699-26E5-411C-9700-0C6232734F33}.Ad-Hoc|ARM.Build.0 = Release|ARM
		{7834A699-26E5-411C-9700-0C6232734F33}.Ad-Hoc|iPhone.ActiveCfg = Release|Any CPU
		{7834A699-26E5-411C-9700-0C6232734F33}.Ad-Hoc|iPhoneSimulator.ActiveCfg = Release|Any CPU
		{7834A699-26E5-411C-9700-0C6232734F33}.Ad-Hoc|Mixed Platforms.ActiveCfg = Release|x86
		{7834A699-26E5-411C-9700-0C6232734F33}.Ad-Hoc|Mixed Platforms.Build.0 = Release|x86
		{7834A699-26E5-411C-9700-0C6232734F33}.Ad-Hoc|x86.ActiveCfg = Release|x86
		{7834A699-26E5-411C-9700-0C6232734F33}.Ad-Hoc|x86.Build.0 = Release|x86
		{7834A699-26E5-411C-9700-0C6232734F33}.AppStore|Any CPU.ActiveCfg = Release|Any CPU
		{7834A699-26E5-411C-9700-0C6232734F33}.AppStore|Any CPU.Build.0 = Release|Any CPU
		{7834A699-26E5-411C-9700-0C6232734F33}.AppStore|ARM.ActiveCfg = Release|ARM
		{7834A699-26E5-411C-9700-0C6232734F33}.AppStore|ARM.Build.0 = Release|ARM
		{7834A699-26E5-411C-9700-0C6232734F33}.AppStore|iPhone.ActiveCfg = Release|Any CPU
		{7834A699-26E5-411C-9700-0C6232734F33}.AppStore|iPhoneSimulator.ActiveCfg = Release|Any CPU
		{7834A699-26E5-411C-9700-0C6232734F33}.AppStore|Mixed Platforms.ActiveCfg = Release|x86
		{7834A699-26E5-411C-9700-0C6232734F33}.AppStore|Mixed Platforms.Build.0 = Release|x86
		{7834A699-26E5-411C-9700-0C6232734F33}.AppStore|x86.ActiveCfg = Release|x86
		{7834A699-26E5-411C-9700-0C6232734F33}.AppStore|x86.Build.0 = Release|x86
		{7834A699-26E5-411C-9700-0C6232734F33}.Debug|Any CPU.ActiveCfg = Debug|Any CPU
		{7834A699-26E5-411C-9700-0C6232734F33}.Debug|Any CPU.Build.0 = Debug|Any CPU
		{7834A699-26E5-411C-9700-0C6232734F33}.Debug|ARM.ActiveCfg = Debug|ARM
		{7834A699-26E5-411C-9700-0C6232734F33}.Debug|ARM.Build.0 = Debug|ARM
		{7834A699-26E5-411C-9700-0C6232734F33}.Debug|iPhone.ActiveCfg = Debug|Any CPU
		{7834A699-26E5-411C-9700-0C6232734F33}.Debug|iPhoneSimulator.ActiveCfg = Debug|Any CPU
		{7834A699-26E5-411C-9700-0C6232734F33}.Debug|Mixed Platforms.ActiveCfg = Debug|x86
		{7834A699-26E5-411C-9700-0C6232734F33}.Debug|Mixed Platforms.Build.0 = Debug|x86
		{7834A699-26E5-411C-9700-0C6232734F33}.Debug|x86.ActiveCfg = Debug|x86
		{7834A699-26E5-411C-9700-0C6232734F33}.Debug|x86.Build.0 = Debug|x86
		{7834A699-26E5-411C-9700-0C6232734F33}.Release|Any CPU.ActiveCfg = Release|Any CPU
		{7834A699-26E5-411C-9700-0C6232734F33}.Release|Any CPU.Build.0 = Release|Any CPU
		{7834A699-26E5-411C-9700-0C6232734F33}.Release|ARM.ActiveCfg = Release|ARM
		{7834A699-26E5-411C-9700-0C6232734F33}.Release|ARM.Build.0 = Release|ARM
		{7834A699-26E5-411C-9700-0C6232734F33}.Release|iPhone.ActiveCfg = Release|Any CPU
		{7834A699-26E5-411C-9700-0C6232734F33}.Release|iPhoneSimulator.ActiveCfg = Release|Any CPU
		{7834A699-26E5-411C-9700-0C6232734F33}.Release|Mixed Platforms.ActiveCfg = Release|x86
		{7834A699-26E5-411C-9700-0C6232734F33}.Release|Mixed Platforms.Build.0 = Release|x86
		{7834A699-26E5-411C-9700-0C6232734F33}.Release|x86.ActiveCfg = Release|x86
		{7834A699-26E5-411C-9700-0C6232734F33}.Release|x86.Build.0 = Release|x86
	EndGlobalSection
	GlobalSection(SolutionProperties) = preSolution
		HideSolutionNode = FALSE
	EndGlobalSection
	GlobalSection(NestedProjects) = preSolution
		{0124EB3C-3C0F-4997-9BBC-4F74C810CA8E} = {951D1D31-6B9F-48B3-B463-6381F2E60F71}
		{15B75988-2DBA-44F8-84F7-3B994ED6546B} = {951D1D31-6B9F-48B3-B463-6381F2E60F71}
		{67F9D3A8-F71E-4428-913F-C37AE82CDB24} = {52BD0AFE-5860-4FED-95AC-D4241E99335A}
		{7834A699-26E5-411C-9700-0C6232734F33} = {52BD0AFE-5860-4FED-95AC-D4241E99335A}
	EndGlobalSection
EndGlobal
